// !$*UTF8*$!
{
	archiveVersion = 1;
	classes = {
	};
	objectVersion = 50;
	objects = {

/* Begin PBXBuildFile section */
		F5869DE5243784640009247A /* AppDelegate.swift in Sources */ = {isa = PBXBuildFile; fileRef = F5869DE4243784640009247A /* AppDelegate.swift */; };
		F5869DE7243784640009247A /* SceneDelegate.swift in Sources */ = {isa = PBXBuildFile; fileRef = F5869DE6243784640009247A /* SceneDelegate.swift */; };
		F5869DE9243784640009247A /* ContentView.swift in Sources */ = {isa = PBXBuildFile; fileRef = F5869DE8243784640009247A /* ContentView.swift */; };
		F5869DEB243784650009247A /* Assets.xcassets in Resources */ = {isa = PBXBuildFile; fileRef = F5869DEA243784650009247A /* Assets.xcassets */; };
		F5869DEE243784650009247A /* Preview Assets.xcassets in Resources */ = {isa = PBXBuildFile; fileRef = F5869DED243784650009247A /* Preview Assets.xcassets */; };
		F5869DF1243784650009247A /* LaunchScreen.storyboard in Resources */ = {isa = PBXBuildFile; fileRef = F5869DEF243784650009247A /* LaunchScreen.storyboard */; };
		F5A611CF2438F56A00F5DE83 /* CalculatorButton.swift in Sources */ = {isa = PBXBuildFile; fileRef = F5A611CE2438F56A00F5DE83 /* CalculatorButton.swift */; };
		F5A611D12438F5AA00F5DE83 /* GlobalEnvironment.swift in Sources */ = {isa = PBXBuildFile; fileRef = F5A611D02438F5AA00F5DE83 /* GlobalEnvironment.swift */; };
		F5A611D32438F5FB00F5DE83 /* CalculatorButtonView.swift in Sources */ = {isa = PBXBuildFile; fileRef = F5A611D22438F5FB00F5DE83 /* CalculatorButtonView.swift */; };
/* End PBXBuildFile section */

/* Begin PBXFileReference section */
		F5869DE1243784640009247A /* CalculatorSwiftUI.app */ = {isa = PBXFileReference; explicitFileType = wrapper.application; includeInIndex = 0; path = CalculatorSwiftUI.app; sourceTree = BUILT_PRODUCTS_DIR; };
		F5869DE4243784640009247A /* AppDelegate.swift */ = {isa = PBXFileReference; lastKnownFileType = sourcecode.swift; path = AppDelegate.swift; sourceTree = "<group>"; };
		F5869DE6243784640009247A /* SceneDelegate.swift */ = {isa = PBXFileReference; lastKnownFileType = sourcecode.swift; path = SceneDelegate.swift; sourceTree = "<group>"; };
		F5869DE8243784640009247A /* ContentView.swift */ = {isa = PBXFileReference; lastKnownFileType = sourcecode.swift; path = ContentView.swift; sourceTree = "<group>"; };
		F5869DEA243784650009247A /* Assets.xcassets */ = {isa = PBXFileReference; lastKnownFileType = folder.assetcatalog; path = Assets.xcassets; sourceTree = "<group>"; };
		F5869DED243784650009247A /* Preview Assets.xcassets */ = {isa = PBXFileReference; lastKnownFileType = folder.assetcatalog; path = "Preview Assets.xcassets"; sourceTree = "<group>"; };
		F5869DF0243784650009247A /* Base */ = {isa = PBXFileReference; lastKnownFileType = file.storyboard; name = Base; path = Base.lproj/LaunchScreen.storyboard; sourceTree = "<group>"; };
		F5869DF2243784650009247A /* Info.plist */ = {isa = PBXFileReference; lastKnownFileType = text.plist.xml; path = Info.plist; sourceTree = "<group>"; };
		F5A611CE2438F56A00F5DE83 /* CalculatorButton.swift */ = {isa = PBXFileReference; lastKnownFileType = sourcecode.swift; path = CalculatorButton.swift; sourceTree = "<group>"; };
		F5A611D02438F5AA00F5DE83 /* GlobalEnvironment.swift */ = {isa = PBXFileReference; lastKnownFileType = sourcecode.swift; path = GlobalEnvironment.swift; sourceTree = "<group>"; };
		F5A611D22438F5FB00F5DE83 /* CalculatorButtonView.swift */ = {isa = PBXFileReference; lastKnownFileType = sourcecode.swift; path = CalculatorButtonView.swift; sourceTree = "<group>"; };
/* End PBXFileReference section */

/* Begin PBXFrameworksBuildPhase section */
		F5869DDE243784640009247A /* Frameworks */ = {
			isa = PBXFrameworksBuildPhase;
			buildActionMask = 2147483647;
			files = (
			);
			runOnlyForDeploymentPostprocessing = 0;
		};
/* End PBXFrameworksBuildPhase section */

/* Begin PBXGroup section */
		F5869DD8243784640009247A = {
			isa = PBXGroup;
			children = (
				F5869DE3243784640009247A /* CalculatorSwiftUI */,
				F5869DE2243784640009247A /* Products */,
			);
			sourceTree = "<group>";
		};
		F5869DE2243784640009247A /* Products */ = {
			isa = PBXGroup;
			children = (
				F5869DE1243784640009247A /* CalculatorSwiftUI.app */,
			);
			name = Products;
			sourceTree = "<group>";
		};
		F5869DE3243784640009247A /* CalculatorSwiftUI */ = {
			isa = PBXGroup;
			children = (
				F5869DE4243784640009247A /* AppDelegate.swift */,
				F5869DE6243784640009247A /* SceneDelegate.swift */,
				F5A611D02438F5AA00F5DE83 /* GlobalEnvironment.swift */,
				F5869DE8243784640009247A /* ContentView.swift */,
				F5A611D22438F5FB00F5DE83 /* CalculatorButtonView.swift */,
				F5A611CE2438F56A00F5DE83 /* CalculatorButton.swift */,
				F5869DEA243784650009247A /* Assets.xcassets */,
				F5869DEF243784650009247A /* LaunchScreen.storyboard */,
				F5869DF2243784650009247A /* Info.plist */,
				F5869DEC243784650009247A /* Preview Content */,
			);
			path = CalculatorSwiftUI;
			sourceTree = "<group>";
		};
		F5869DEC243784650009247A /* Preview Content */ = {
			isa = PBXGroup;
			children = (
				F5869DED243784650009247A /* Preview Assets.xcassets */,
			);
			path = "Preview Content";
			sourceTree = "<group>";
		};
/* End PBXGroup section */

/* Begin PBXNativeTarget section */
		F5869DE0243784640009247A /* CalculatorSwiftUI */ = {
			isa = PBXNativeTarget;
			buildConfigurationList = F5869DF5243784650009247A /* Build configuration list for PBXNativeTarget "CalculatorSwiftUI" */;
			buildPhases = (
				F5869DDD243784640009247A /* Sources */,
				F5869DDE243784640009247A /* Frameworks */,
				F5869DDF243784640009247A /* Resources */,
			);
			buildRules = (
			);
			dependencies = (
			);
			name = CalculatorSwiftUI;
			productName = CalculatorSwiftUI;
			productReference = F5869DE1243784640009247A /* CalculatorSwiftUI.app */;
			productType = "com.apple.product-type.application";
		};
/* End PBXNativeTarget section */

/* Begin PBXProject section */
		F5869DD9243784640009247A /* Project object */ = {
			isa = PBXProject;
			attributes = {
				LastSwiftUpdateCheck = 1120;
				LastUpgradeCheck = 1120;
				ORGANIZATIONNAME = "Ahmed Abdelkarim";
				TargetAttributes = {
					F5869DE0243784640009247A = {
						CreatedOnToolsVersion = 11.2.1;
					};
				};
			};
			buildConfigurationList = F5869DDC243784640009247A /* Build configuration list for PBXProject "CalculatorSwiftUI" */;
			compatibilityVersion = "Xcode 9.3";
			developmentRegion = en;
			hasScannedForEncodings = 0;
			knownRegions = (
				en,
				Base,
			);
			mainGroup = F5869DD8243784640009247A;
			productRefGroup = F5869DE2243784640009247A /* Products */;
			projectDirPath = "";
			projectRoot = "";
			targets = (
				F5869DE0243784640009247A /* CalculatorSwiftUI */,
			);
		};
/* End PBXProject section */

/* Begin PBXResourcesBuildPhase section */
		F5869DDF243784640009247A /* Resources */ = {
			isa = PBXResourcesBuildPhase;
			buildActionMask = 2147483647;
			files = (
				F5869DF1243784650009247A /* LaunchScreen.storyboard in Resources */,
				F5869DEE243784650009247A /* Preview Assets.xcassets in Resources */,
				F5869DEB243784650009247A /* Assets.xcassets in Resources */,
			);
			runOnlyForDeploymentPostprocessing = 0;
		};
/* End PBXResourcesBuildPhase section */

/* Begin PBXSourcesBuildPhase section */
		F5869DDD243784640009247A /* Sources */ = {
			isa = PBXSourcesBuildPhase;
			buildActionMask = 2147483647;
			files = (
				F5869DE5243784640009247A /* AppDelegate.swift in Sources */,
				F5869DE7243784640009247A /* SceneDelegate.swift in Sources */,
				F5A611D12438F5AA00F5DE83 /* GlobalEnvironment.swift in Sources */,
				F5869DE9243784640009247A /* ContentView.swift in Sources */,
				F5A611D32438F5FB00F5DE83 /* CalculatorButtonView.swift in Sources */,
				F5A611CF2438F56A00F5DE83 /* CalculatorButton.swift in Sources */,
			);
			runOnlyForDeploymentPostprocessing = 0;
		};
/* End PBXSourcesBuildPhase section */

/* Begin PBXVariantGroup section */
		F5869DEF243784650009247A /* LaunchScreen.storyboard */ = {
			isa = PBXVariantGroup;
			children = (
				F5869DF0243784650009247A /* Base */,
			);
			name = LaunchScreen.storyboard;
			sourceTree = "<group>";
		};
/* End PBXVariantGroup section */

/* Begin XCBuildConfiguration section */
		F5869DF3243784650009247A /* Debug */ = {
			isa = XCBuildConfiguration;
			buildSettings = {
				ALWAYS_SEARCH_USER_PATHS = NO;
				CLANG_ANALYZER_NONNULL = YES;
				CLANG_ANALYZER_NUMBER_OBJECT_CONVERSION = YES_AGGRESSIVE;
				CLANG_CXX_LANGUAGE_STANDARD = "gnu++14";
				CLANG_CXX_LIBRARY = "libc++";
				CLANG_ENABLE_MODULES = YES;
				CLANG_ENABLE_OBJC_ARC = YES;
				CLANG_ENABLE_OBJC_WEAK = YES;
				CLANG_WARN_BLOCK_CAPTURE_AUTORELEASING = YES;
				CLANG_WARN_BOOL_CONVERSION = YES;
				CLANG_WARN_COMMA = YES;
				CLANG_WARN_CONSTANT_CONVERSION = YES;
				CLANG_WARN_DEPRECATED_OBJC_IMPLEMENTATIONS = YES;
				CLANG_WARN_DIRECT_OBJC_ISA_USAGE = YES_ERROR;
				CLANG_WARN_DOCUMENTATION_COMMENTS = YES;
				CLANG_WARN_EMPTY_BODY = YES;
				CLANG_WARN_ENUM_CONVERSION = YES;
				CLANG_WARN_INFINITE_RECURSION = YES;
				CLANG_WARN_INT_CONVERSION = YES;
				CLANG_WARN_NON_LITERAL_NULL_CONVERSION = YES;
				CLANG_WARN_OBJC_IMPLICIT_RETAIN_SELF = YES;
				CLANG_WARN_OBJC_LITERAL_CONVERSION = YES;
				CLANG_WARN_OBJC_ROOT_CLASS = YES_ERROR;
				CLANG_WARN_RANGE_LOOP_ANALYSIS = YES;
				CLANG_WARN_STRICT_PROTOTYPES = YES;
				CLANG_WARN_SUSPICIOUS_MOVE = YES;
				CLANG_WARN_UNGUARDED_AVAILABILITY = YES_AGGRESSIVE;
				CLANG_WARN_UNREACHABLE_CODE = YES;
				CLANG_WARN__DUPLICATE_METHOD_MATCH = YES;
				COPY_PHASE_STRIP = NO;
				DEBUG_INFORMATION_FORMAT = dwarf;
				ENABLE_STRICT_OBJC_MSGSEND = YES;
				ENABLE_TESTABILITY = YES;
				GCC_C_LANGUAGE_STANDARD = gnu11;
				GCC_DYNAMIC_NO_PIC = NO;
				GCC_NO_COMMON_BLOCKS = YES;
				GCC_OPTIMIZATION_LEVEL = 0;
				GCC_PREPROCESSOR_DEFINITIONS = (
					"DEBUG=1",
					"$(inherited)",
				);
				GCC_WARN_64_TO_32_BIT_CONVERSION = YES;
				GCC_WARN_ABOUT_RETURN_TYPE = YES_ERROR;
				GCC_WARN_UNDECLARED_SELECTOR = YES;
				GCC_WARN_UNINITIALIZED_AUTOS = YES_AGGRESSIVE;
				GCC_WARN_UNUSED_FUNCTION = YES;
				GCC_WARN_UNUSED_VARIABLE = YES;
				IPHONEOS_DEPLOYMENT_TARGET = 13.2;
				MTL_ENABLE_DEBUG_INFO = INCLUDE_SOURCE;
				MTL_FAST_MATH = YES;
				ONLY_ACTIVE_ARCH = YES;
				SDKROOT = iphoneos;
				SWIFT_ACTIVE_COMPILATION_CONDITIONS = DEBUG;
				SWIFT_OPTIMIZATION_LEVEL = "-Onone";
			};
			name = Debug;
		};
		F5869DF4243784650009247A /* Release */ = {
			isa = XCBuildConfiguration;
			buildSettings = {
				ALWAYS_SEARCH_USER_PATHS = NO;
				CLANG_ANALYZER_NONNULL = YES;
				CLANG_ANALYZER_NUMBER_OBJECT_CONVERSION = YES_AGGRESSIVE;
				CLANG_CXX_LANGUAGE_STANDARD = "gnu++14";
				CLANG_CXX_LIBRARY = "libc++";
				CLANG_ENABLE_MODULES = YES;
				CLANG_ENABLE_OBJC_ARC = YES;
				CLANG_ENABLE_OBJC_WEAK = YES;
				CLANG_WARN_BLOCK_CAPTURE_AUTORELEASING = YES;
				CLANG_WARN_BOOL_CONVERSION = YES;
				CLANG_WARN_COMMA = YES;
				CLANG_WARN_CONSTANT_CONVERSION = YES;
				CLANG_WARN_DEPRECATED_OBJC_IMPLEMENTATIONS = YES;
				CLANG_WARN_DIRECT_OBJC_ISA_USAGE = YES_ERROR;
				CLANG_WARN_DOCUMENTATION_COMMENTS = YES;
				CLANG_WARN_EMPTY_BODY = YES;
				CLANG_WARN_ENUM_CONVERSION = YES;
				CLANG_WARN_INFINITE_RECURSION = YES;
				CLANG_WARN_INT_CONVERSION = YES;
				CLANG_WARN_NON_LITERAL_NULL_CONVERSION = YES;
				CLANG_WARN_OBJC_IMPLICIT_RETAIN_SELF = YES;
				CLANG_WARN_OBJC_LITERAL_CONVERSION = YES;
				CLANG_WARN_OBJC_ROOT_CLASS = YES_ERROR;
				CLANG_WARN_RANGE_LOOP_ANALYSIS = YES;
				CLANG_WARN_STRICT_PROTOTYPES = YES;
				CLANG_WARN_SUSPICIOUS_MOVE = YES;
				CLANG_WARN_UNGUARDED_AVAILABILITY = YES_AGGRESSIVE;
				CLANG_WARN_UNREACHABLE_CODE = YES;
				CLANG_WARN__DUPLICATE_METHOD_MATCH = YES;
				COPY_PHASE_STRIP = NO;
				DEBUG_INFORMATION_FORMAT = "dwarf-with-dsym";
				ENABLE_NS_ASSERTIONS = NO;
				ENABLE_STRICT_OBJC_MSGSEND = YES;
				GCC_C_LANGUAGE_STANDARD = gnu11;
				GCC_NO_COMMON_BLOCKS = YES;
				GCC_WARN_64_TO_32_BIT_CONVERSION = YES;
				GCC_WARN_ABOUT_RETURN_TYPE = YES_ERROR;
				GCC_WARN_UNDECLARED_SELECTOR = YES;
				GCC_WARN_UNINITIALIZED_AUTOS = YES_AGGRESSIVE;
				GCC_WARN_UNUSED_FUNCTION = YES;
				GCC_WARN_UNUSED_VARIABLE = YES;
				IPHONEOS_DEPLOYMENT_TARGET = 13.2;
				MTL_ENABLE_DEBUG_INFO = NO;
				MTL_FAST_MATH = YES;
				SDKROOT = iphoneos;
				SWIFT_COMPILATION_MODE = wholemodule;
				SWIFT_OPTIMIZATION_LEVEL = "-O";
				VALIDATE_PRODUCT = YES;
			};
			name = Release;
		};
		F5869DF6243784650009247A /* Debug */ = {
			isa = XCBuildConfiguration;
			buildSettings = {
				ASSETCATALOG_COMPILER_APPICON_NAME = AppIcon;
				CODE_SIGN_STYLE = Automatic;
				DEVELOPMENT_ASSET_PATHS = "\"CalculatorSwiftUI/Preview Content\"";
				DEVELOPMENT_TEAM = B7772T4P58;
				ENABLE_PREVIEWS = YES;
				INFOPLIST_FILE = CalculatorSwiftUI/Info.plist;
				LD_RUNPATH_SEARCH_PATHS = (
					"$(inherited)",
					"@executable_path/Frameworks",
				);
				PRODUCT_BUNDLE_IDENTIFIER = ahmedabdelkarim.apps.CalculatorSwiftUI;
				PRODUCT_NAME = "$(TARGET_NAME)";
				SWIFT_VERSION = 5.0;
				TARGETED_DEVICE_FAMILY = "1,2";
			};
			name = Debug;
		};
		F5869DF7243784650009247A /* Release */ = {
			isa = XCBuildConfiguration;
			buildSettings = {
				ASSETCATALOG_COMPILER_APPICON_NAME = AppIcon;
				CODE_SIGN_STYLE = Automatic;
				DEVELOPMENT_ASSET_PATHS = "\"CalculatorSwiftUI/Preview Content\"";
				DEVELOPMENT_TEAM = B7772T4P58;
				ENABLE_PREVIEWS = YES;
				INFOPLIST_FILE = CalculatorSwiftUI/Info.plist;
				LD_RUNPATH_SEARCH_PATHS = (
					"$(inherited)",
					"@executable_path/Frameworks",
				);
				PRODUCT_BUNDLE_IDENTIFIER = ahmedabdelkarim.apps.CalculatorSwiftUI;
				PRODUCT_NAME = "$(TARGET_NAME)";
				SWIFT_VERSION = 5.0;
				TARGETED_DEVICE_FAMILY = "1,2";
			};
			name = Release;
		};
/* End XCBuildConfiguration section */

/* Begin XCConfigurationList section */
		F5869DDC243784640009247A /* Build configuration list for PBXProject "CalculatorSwiftUI" */ = {
			isa = XCConfigurationList;
			buildConfigurations = (
				F5869DF3243784650009247A /* Debug */,
				F5869DF4243784650009247A /* Release */,
			);
			defaultConfigurationIsVisible = 0;
			defaultConfigurationName = Release;
		};
		F5869DF5243784650009247A /* Build configuration list for PBXNativeTarget "CalculatorSwiftUI" */ = {
			isa = XCConfigurationList;
			buildConfigurations = (
				F5869DF6243784650009247A /* Debug */,
				F5869DF7243784650009247A /* Release */,
			);
			defaultConfigurationIsVisible = 0;
			defaultConfigurationName = Release;
		};
/* End XCConfigurationList section */
	};
	rootObject = F5869DD9243784640009247A /* Project object */;
}
